
Microsoft Visual Studio Solution File, Format Version 12.00
# Visual Studio Version 17
VisualStudioVersion = 17.8.34525.116
MinimumVisualStudioVersion = 10.0.40219.1
Project("{FAE04EC0-301F-11D3-BF4B-00C04F79EFBC}") = "UpperCase", "UpperCase\UpperCase.csproj", "{BAABF5BE-BA0D-4C06-9704-84E25CC81145}"
EndProject
Project("{FAE04EC0-301F-11D3-BF4B-00C04F79EFBC}") = "TestProject1", "TestProject1\TestProject1.csproj", "{CF78497B-9E35-45A6-9FA6-74BBBABCD1DE}"
EndProject
Project("{FAE04EC0-301F-11D3-BF4B-00C04F79EFBC}") = "WpfApp1", "WpfApp1\WpfApp1.csproj", "{3A11CB48-1E5C-4FFF-8CE2-7A585E5F1E8B}"
EndProject
Global
	GlobalSection(SolutionConfigurationPlatforms) = preSolution
		Debug|Any CPU = Debug|Any CPU
		Release|Any CPU = Release|Any CPU
	EndGlobalSection
	GlobalSection(ProjectConfigurationPlatforms) = postSolution
		{BAABF5BE-BA0D-4C06-9704-84E25CC81145}.Debug|Any CPU.ActiveCfg = Debug|Any CPU
		{BAABF5BE-BA0D-4C06-9704-84E25CC81145}.Debug|Any CPU.Build.0 = Debug|Any CPU
		{BAABF5BE-BA0D-4C06-9704-84E25CC81145}.Release|Any CPU.ActiveCfg = Release|Any CPU
		{BAABF5BE-BA0D-4C06-9704-84E25CC81145}.Release|Any CPU.Build.0 = Release|Any CPU
		{CF78497B-9E35-45A6-9FA6-74BBBABCD1DE}.Debug|Any CPU.ActiveCfg = Debug|Any CPU
		{CF78497B-9E35-45A6-9FA6-74BBBABCD1DE}.Debug|Any CPU.Build.0 = Debug|Any CPU
		{CF78497B-9E35-45A6-9FA6-74BBBABCD1DE}.Release|Any CPU.ActiveCfg = Release|Any CPU
		{CF78497B-9E35-45A6-9FA6-74BBBABCD1DE}.Release|Any CPU.Build.0 = Release|Any CPU
		{3A11CB48-1E5C-4FFF-8CE2-7A585E5F1E8B}.Debug|Any CPU.ActiveCfg = Debug|Any CPU
		{3A11CB48-1E5C-4FFF-8CE2-7A585E5F1E8B}.Debug|Any CPU.Build.0 = Debug|Any CPU
		{3A11CB48-1E5C-4FFF-8CE2-7A585E5F1E8B}.Release|Any CPU.ActiveCfg = Release|Any CPU
		{3A11CB48-1E5C-4FFF-8CE2-7A585E5F1E8B}.Release|Any CPU.Build.0 = Release|Any CPU
	EndGlobalSection
	GlobalSection(SolutionProperties) = preSolution
		HideSolutionNode = FALSE
	EndGlobalSection
	GlobalSection(ExtensibilityGlobals) = postSolution
		SolutionGuid = {3F10992B-E3DE-4B7B-8164-1F0D591FCF5C}
	EndGlobalSection
EndGlobal
